
Microsoft Visual Studio Solution File, Format Version 12.00
# Visual Studio Version 17
VisualStudioVersion = 17.4.33110.190
MinimumVisualStudioVersion = 10.0.40219.1
Project("{9A19103F-16F7-4668-BE54-9A1E7A4F7556}") = "Security.WebUI", "Security.WebUI\Security.WebUI.csproj", "{1023404A-6421-40E3-8333-280DA5F3EB4A}"
EndProject
Project("{FAE04EC0-301F-11D3-BF4B-00C04F79EFBC}") = "WhiteBlackList.WebUI", "WhiteBlackList.WebUI\WhiteBlackList.WebUI.csproj", "{85370B30-86AC-4C79-9ABE-4823EB5D4638}"
EndProject
Project("{FAE04EC0-301F-11D3-BF4B-00C04F79EFBC}") = "SecretProtection.WebUI", "SecretProtection.WebUI\SecretProtection.WebUI.csproj", "{FFE834CE-E159-46DB-AF41-C9D49A855C6B}"
EndProject
Project("{FAE04EC0-301F-11D3-BF4B-00C04F79EFBC}") = "MyWeb.API", "MyWeb.API\MyWeb.API.csproj", "{F0F983E3-3725-41CF-BD8E-00E767E0DC6A}"
EndProject
Project("{FAE04EC0-301F-11D3-BF4B-00C04F79EFBC}") = "MyWeb.WebUI", "MyWeb.WebUI\MyWeb.WebUI.csproj", "{4B426BBE-4DD2-4769-978C-71C6F4D20082}"
EndProject
Global
	GlobalSection(SolutionConfigurationPlatforms) = preSolution
		Debug|Any CPU = Debug|Any CPU
		Release|Any CPU = Release|Any CPU
	EndGlobalSection
	GlobalSection(ProjectConfigurationPlatforms) = postSolution
		{1023404A-6421-40E3-8333-280DA5F3EB4A}.Debug|Any CPU.ActiveCfg = Debug|Any CPU
		{1023404A-6421-40E3-8333-280DA5F3EB4A}.Debug|Any CPU.Build.0 = Debug|Any CPU
		{1023404A-6421-40E3-8333-280DA5F3EB4A}.Release|Any CPU.ActiveCfg = Release|Any CPU
		{1023404A-6421-40E3-8333-280DA5F3EB4A}.Release|Any CPU.Build.0 = Release|Any CPU
		{85370B30-86AC-4C79-9ABE-4823EB5D4638}.Debug|Any CPU.ActiveCfg = Debug|Any CPU
		{85370B30-86AC-4C79-9ABE-4823EB5D4638}.Debug|Any CPU.Build.0 = Debug|Any CPU
		{85370B30-86AC-4C79-9ABE-4823EB5D4638}.Release|Any CPU.ActiveCfg = Release|Any CPU
		{85370B30-86AC-4C79-9ABE-4823EB5D4638}.Release|Any CPU.Build.0 = Release|Any CPU
		{FFE834CE-E159-46DB-AF41-C9D49A855C6B}.Debug|Any CPU.ActiveCfg = Debug|Any CPU
		{FFE834CE-E159-46DB-AF41-C9D49A855C6B}.Debug|Any CPU.Build.0 = Debug|Any CPU
		{FFE834CE-E159-46DB-AF41-C9D49A855C6B}.Release|Any CPU.ActiveCfg = Release|Any CPU
		{FFE834CE-E159-46DB-AF41-C9D49A855C6B}.Release|Any CPU.Build.0 = Release|Any CPU
		{F0F983E3-3725-41CF-BD8E-00E767E0DC6A}.Debug|Any CPU.ActiveCfg = Debug|Any CPU
		{F0F983E3-3725-41CF-BD8E-00E767E0DC6A}.Debug|Any CPU.Build.0 = Debug|Any CPU
		{F0F983E3-3725-41CF-BD8E-00E767E0DC6A}.Release|Any CPU.ActiveCfg = Release|Any CPU
		{F0F983E3-3725-41CF-BD8E-00E767E0DC6A}.Release|Any CPU.Build.0 = Release|Any CPU
		{4B426BBE-4DD2-4769-978C-71C6F4D20082}.Debug|Any CPU.ActiveCfg = Debug|Any CPU
		{4B426BBE-4DD2-4769-978C-71C6F4D20082}.Debug|Any CPU.Build.0 = Debug|Any CPU
		{4B426BBE-4DD2-4769-978C-71C6F4D20082}.Release|Any CPU.ActiveCfg = Release|Any CPU
		{4B426BBE-4DD2-4769-978C-71C6F4D20082}.Release|Any CPU.Build.0 = Release|Any CPU
	EndGlobalSection
	GlobalSection(SolutionProperties) = preSolution
		HideSolutionNode = FALSE
	EndGlobalSection
	GlobalSection(ExtensibilityGlobals) = postSolution
		SolutionGuid = {D917B1D1-8831-4924-B329-BA40F6E0888A}
	EndGlobalSection
EndGlobal
